
Microsoft Visual Studio Solution File, Format Version 11.00
# Visual Studio 2010
Project("{8BC9CEB8-8B4A-11D0-8D11-00A0C91BC942}") = "Lab 10 RPG", "Lab 10 RPG\Lab 10 RPG.vcxproj", "{065FEA5A-5952-4228-A5C3-50CCBE240CF4}"
EndProject
Global
	GlobalSection(SolutionConfigurationPlatforms) = preSolution
		Debug|Win32 = Debug|Win32
		Release|Win32 = Release|Win32
	EndGlobalSection
	GlobalSection(ProjectConfigurationPlatforms) = postSolution
		{065FEA5A-5952-4228-A5C3-50CCBE240CF4}.Debug|Win32.ActiveCfg = Debug|Win32
		{065FEA5A-5952-4228-A5C3-50CCBE240CF4}.Debug|Win32.Build.0 = Debug|Win32
		{065FEA5A-5952-4228-A5C3-50CCBE240CF4}.Release|Win32.ActiveCfg = Release|Win32
		{065FEA5A-5952-4228-A5C3-50CCBE240CF4}.Release|Win32.Build.0 = Release|Win32
	EndGlobalSection
	GlobalSection(SolutionProperties) = preSolution
		HideSolutionNode = FALSE
	EndGlobalSection
EndGlobal
